Microsoft Visual Studio Solution File, Format Version 12.00
# Visual Studio Version 18
VisualStudioVersion = 18.1.11304.174
MinimumVisualStudioVersion = 10.0.40219.1
Project("{2150E333-8FDC-42A3-9474-1A3956D46DE8}") = "Solution Items", "Solution Items", "{20C69912-72DF-4828-BEFA-0B4452FA884E}"
	ProjectSection(SolutionItems) = preProject
		.editorconfig = .editorconfig
		Directory.Build.props = Directory.Build.props
		Directory.Packages.props = Directory.Packages.props
		README.md = README.md
	EndProjectSection
EndProject
Project("{2150E333-8FDC-42A3-9474-1A3956D46DE8}") = "Src", "Src", "{41CB4EAE-634C-4DAD-AE10-90FC08A83A37}"
EndProject
Project("{2150E333-8FDC-42A3-9474-1A3956D46DE8}") = "Tests", "Tests", "{8A43AA99-E026-4446-BB81-9CF8D2E34530}"
EndProject
Project("{FAE04EC0-301F-11D3-BF4B-00C04F79EFBC}") = "Scynett.Hubtel.Payments.Tests", "tests\Scynett.Hubtel.Payments.Tests\Scynett.Hubtel.Payments.Tests.csproj", "{547DB6C4-3DCD-459D-BFA1-289CAFAB228D}"
EndProject
Project("{FAE04EC0-301F-11D3-BF4B-00C04F79EFBC}") = "Scynett.Hubtel.Payments", "src\Scynett.Hubtel.Payments\Scynett.Hubtel.Payments.csproj", "{16F0B431-27D0-CABB-1235-11595D16D182}"
EndProject
Project("{FAE04EC0-301F-11D3-BF4B-00C04F79EFBC}") = "Scynett.Hubtel.Payments.AspNetCore", "src\Scynett.Hubtel.Payments.AspNetCore\Scynett.Hubtel.Payments.AspNetCore.csproj", "{9429BD97-6275-AE74-1DC3-A7EE95ED8D79}"
EndProject
Project("{2150E333-8FDC-42A3-9474-1A3956D46DE8}") = "Sample", "Sample", "{D8A929E6-FE19-4C4A-9BC4-E344484A314C}"
EndProject
Global
	GlobalSection(SolutionConfigurationPlatforms) = preSolution
		Debug|Any CPU = Debug|Any CPU
		Release|Any CPU = Release|Any CPU
	EndGlobalSection
	GlobalSection(ProjectConfigurationPlatforms) = postSolution
		{547DB6C4-3DCD-459D-BFA1-289CAFAB228D}.Debug|Any CPU.ActiveCfg = Debug|Any CPU
		{547DB6C4-3DCD-459D-BFA1-289CAFAB228D}.Debug|Any CPU.Build.0 = Debug|Any CPU
		{547DB6C4-3DCD-459D-BFA1-289CAFAB228D}.Release|Any CPU.ActiveCfg = Release|Any CPU
		{547DB6C4-3DCD-459D-BFA1-289CAFAB228D}.Release|Any CPU.Build.0 = Release|Any CPU
		{16F0B431-27D0-CABB-1235-11595D16D182}.Debug|Any CPU.ActiveCfg = Debug|Any CPU
		{16F0B431-27D0-CABB-1235-11595D16D182}.Debug|Any CPU.Build.0 = Debug|Any CPU
		{16F0B431-27D0-CABB-1235-11595D16D182}.Release|Any CPU.ActiveCfg = Release|Any CPU
		{16F0B431-27D0-CABB-1235-11595D16D182}.Release|Any CPU.Build.0 = Release|Any CPU
		{9429BD97-6275-AE74-1DC3-A7EE95ED8D79}.Debug|Any CPU.ActiveCfg = Debug|Any CPU
		{9429BD97-6275-AE74-1DC3-A7EE95ED8D79}.Debug|Any CPU.Build.0 = Debug|Any CPU
		{9429BD97-6275-AE74-1DC3-A7EE95ED8D79}.Release|Any CPU.ActiveCfg = Release|Any CPU
		{9429BD97-6275-AE74-1DC3-A7EE95ED8D79}.Release|Any CPU.Build.0 = Release|Any CPU
	EndGlobalSection
	GlobalSection(SolutionProperties) = preSolution
		HideSolutionNode = FALSE
	EndGlobalSection
	GlobalSection(NestedProjects) = preSolution
		{547DB6C4-3DCD-459D-BFA1-289CAFAB228D} = {8A43AA99-E026-4446-BB81-9CF8D2E34530}
		{16F0B431-27D0-CABB-1235-11595D16D182} = {41CB4EAE-634C-4DAD-AE10-90FC08A83A37}
		{9429BD97-6275-AE74-1DC3-A7EE95ED8D79} = {41CB4EAE-634C-4DAD-AE10-90FC08A83A37}
	EndGlobalSection
	GlobalSection(ExtensibilityGlobals) = postSolution
		SolutionGuid = {4E7C5049-183E-4AF8-9070-14FC91FCABC1}
	EndGlobalSection
EndGlobal
