
Microsoft Visual Studio Solution File, Format Version 12.00
# Visual Studio Version 17
VisualStudioVersion = 17.0.31903.59
MinimumVisualStudioVersion = 10.0.40219.1
Project("{FAE04EC0-301F-11D3-BF4B-00C04F79EFBC}") = "Scynett.Hubtel.Payments", "Scynett.Hubtel.Payments\Scynett.Hubtel.Payments.csproj", "{C2B64F7C-EA86-4BB5-B63C-3C86D7E638C2}"
EndProject
Project("{FAE04EC0-301F-11D3-BF4B-00C04F79EFBC}") = "Scynett.Hubtel.Payments.AspNetCore", "Scynett.Hubtel.Payments.AspNetCore\Scynett.Hubtel.Payments.AspNetCore.csproj", "{138DAA14-C0F2-47C2-AF93-C8B24CAE78D0}"
EndProject
Global
	GlobalSection(SolutionConfigurationPlatforms) = preSolution
		Debug|Any CPU = Debug|Any CPU
		Debug|x64 = Debug|x64
		Debug|x86 = Debug|x86
		Release|Any CPU = Release|Any CPU
		Release|x64 = Release|x64
		Release|x86 = Release|x86
	EndGlobalSection
	GlobalSection(ProjectConfigurationPlatforms) = postSolution
		{C2B64F7C-EA86-4BB5-B63C-3C86D7E638C2}.Debug|Any CPU.ActiveCfg = Debug|Any CPU
		{C2B64F7C-EA86-4BB5-B63C-3C86D7E638C2}.Debug|Any CPU.Build.0 = Debug|Any CPU
		{C2B64F7C-EA86-4BB5-B63C-3C86D7E638C2}.Debug|x64.ActiveCfg = Debug|Any CPU
		{C2B64F7C-EA86-4BB5-B63C-3C86D7E638C2}.Debug|x64.Build.0 = Debug|Any CPU
		{C2B64F7C-EA86-4BB5-B63C-3C86D7E638C2}.Debug|x86.ActiveCfg = Debug|Any CPU
		{C2B64F7C-EA86-4BB5-B63C-3C86D7E638C2}.Debug|x86.Build.0 = Debug|Any CPU
		{C2B64F7C-EA86-4BB5-B63C-3C86D7E638C2}.Release|Any CPU.ActiveCfg = Release|Any CPU
		{C2B64F7C-EA86-4BB5-B63C-3C86D7E638C2}.Release|Any CPU.Build.0 = Release|Any CPU
		{C2B64F7C-EA86-4BB5-B63C-3C86D7E638C2}.Release|x64.ActiveCfg = Release|Any CPU
		{C2B64F7C-EA86-4BB5-B63C-3C86D7E638C2}.Release|x64.Build.0 = Release|Any CPU
		{C2B64F7C-EA86-4BB5-B63C-3C86D7E638C2}.Release|x86.ActiveCfg = Release|Any CPU
		{C2B64F7C-EA86-4BB5-B63C-3C86D7E638C2}.Release|x86.Build.0 = Release|Any CPU
		{138DAA14-C0F2-47C2-AF93-C8B24CAE78D0}.Debug|Any CPU.ActiveCfg = Debug|Any CPU
		{138DAA14-C0F2-47C2-AF93-C8B24CAE78D0}.Debug|Any CPU.Build.0 = Debug|Any CPU
		{138DAA14-C0F2-47C2-AF93-C8B24CAE78D0}.Debug|x64.ActiveCfg = Debug|Any CPU
		{138DAA14-C0F2-47C2-AF93-C8B24CAE78D0}.Debug|x64.Build.0 = Debug|Any CPU
		{138DAA14-C0F2-47C2-AF93-C8B24CAE78D0}.Debug|x86.ActiveCfg = Debug|Any CPU
		{138DAA14-C0F2-47C2-AF93-C8B24CAE78D0}.Debug|x86.Build.0 = Debug|Any CPU
		{138DAA14-C0F2-47C2-AF93-C8B24CAE78D0}.Release|Any CPU.ActiveCfg = Release|Any CPU
		{138DAA14-C0F2-47C2-AF93-C8B24CAE78D0}.Release|Any CPU.Build.0 = Release|Any CPU
		{138DAA14-C0F2-47C2-AF93-C8B24CAE78D0}.Release|x64.ActiveCfg = Release|Any CPU
		{138DAA14-C0F2-47C2-AF93-C8B24CAE78D0}.Release|x64.Build.0 = Release|Any CPU
		{138DAA14-C0F2-47C2-AF93-C8B24CAE78D0}.Release|x86.ActiveCfg = Release|Any CPU
		{138DAA14-C0F2-47C2-AF93-C8B24CAE78D0}.Release|x86.Build.0 = Release|Any CPU
	EndGlobalSection
	GlobalSection(SolutionProperties) = preSolution
		HideSolutionNode = FALSE
	EndGlobalSection
EndGlobal
